
Microsoft Visual Studio Solution File, Format Version 12.00
# Visual Studio 15
VisualStudioVersion = 15.0.28307.421
MinimumVisualStudioVersion = 10.0.40219.1
Project("{FAE04EC0-301F-11D3-BF4B-00C04F79EFBC}") = "MDCustomColors", "MDCustomColors\MDCustomColors.csproj", "{C412B723-D7A0-4C3F-A8B5-87384A1E641E}"
EndProject
Global
	GlobalSection(SolutionConfigurationPlatforms) = preSolution
		Debug|Any CPU = Debug|Any CPU
		Release|Any CPU = Release|Any CPU
	EndGlobalSection
	GlobalSection(ProjectConfigurationPlatforms) = postSolution
		{C412B723-D7A0-4C3F-A8B5-87384A1E641E}.Debug|Any CPU.ActiveCfg = Debug|Any CPU
		{C412B723-D7A0-4C3F-A8B5-87384A1E641E}.Debug|Any CPU.Build.0 = Debug|Any CPU
		{C412B723-D7A0-4C3F-A8B5-87384A1E641E}.Release|Any CPU.ActiveCfg = Release|Any CPU
		{C412B723-D7A0-4C3F-A8B5-87384A1E641E}.Release|Any CPU.Build.0 = Release|Any CPU
	EndGlobalSection
	GlobalSection(SolutionProperties) = preSolution
		HideSolutionNode = FALSE
	EndGlobalSection
	GlobalSection(ExtensibilityGlobals) = postSolution
		SolutionGuid = {0D51A3EB-3853-4A36-9142-39FAB2C6A10A}
	EndGlobalSection
EndGlobal
